
Microsoft Visual Studio Solution File, Format Version 12.00
# Visual Studio Version 16
VisualStudioVersion = 16.0.30711.63
MinimumVisualStudioVersion = 10.0.40219.1
Project("{FAE04EC0-301F-11D3-BF4B-00C04F79EFBC}") = "Stormtrooper_21var_Saf", "Stormtrooper_21var_Saf\Stormtrooper_21var_Saf.csproj", "{07762F34-6DF5-44D7-A2C6-F07F44B59DCC}"
EndProject
Global
	GlobalSection(SolutionConfigurationPlatforms) = preSolution
		Debug|Any CPU = Debug|Any CPU
		Release|Any CPU = Release|Any CPU
	EndGlobalSection
	GlobalSection(ProjectConfigurationPlatforms) = postSolution
		{07762F34-6DF5-44D7-A2C6-F07F44B59DCC}.Debug|Any CPU.ActiveCfg = Debug|Any CPU
		{07762F34-6DF5-44D7-A2C6-F07F44B59DCC}.Debug|Any CPU.Build.0 = Debug|Any CPU
		{07762F34-6DF5-44D7-A2C6-F07F44B59DCC}.Release|Any CPU.ActiveCfg = Release|Any CPU
		{07762F34-6DF5-44D7-A2C6-F07F44B59DCC}.Release|Any CPU.Build.0 = Release|Any CPU
	EndGlobalSection
	GlobalSection(SolutionProperties) = preSolution
		HideSolutionNode = FALSE
	EndGlobalSection
	GlobalSection(ExtensibilityGlobals) = postSolution
		SolutionGuid = {CC12C39B-F02D-4BAE-9DD9-8F886AF1CA0D}
	EndGlobalSection
EndGlobal
